{
  "name": "biguint-format",
  "version": "1.0.2",
  "lockfileVersion": 2,
  "requires": true,
  "packages": {
    "": {
      "name": "biguint-format",
      "version": "1.0.2",
      "devDependencies": {
        "@types/node": "^16.7.10"
      }
    },
    "node_modules/@types/node": {
      "version": "16.11.56",
      "resolved": "https://registry.npmjs.org/@types/node/-/node-16.11.56.tgz",
      "integrity": "sha512-aFcUkv7EddxxOa/9f74DINReQ/celqH8DiB3fRYgVDM2Xm5QJL8sl80QKuAnGvwAsMn+H3IFA6WCrQh1CY7m1A==",
      "dev": true
    }
  },
  "dependencies": {
    "@types/node": {
      "version": "16.11.56",
      "resolved": "https://registry.npmjs.org/@types/node/-/node-16.11.56.tgz",
      "integrity": "sha512-aFcUkv7EddxxOa/9f74DINReQ/celqH8DiB3fRYgVDM2Xm5QJL8sl80QKuAnGvwAsMn+H3IFA6WCrQh1CY7m1A==",
      "dev": true
    }
  }
}
