# THIS IS AN AUTOGENERATED FILE. DO NOT EDIT THIS FILE DIRECTLY.
# yarn lockfile v1


"@types/node@^16.7.10":
  "integrity" "sha512-aFcUkv7EddxxOa/9f74DINReQ/celqH8DiB3fRYgVDM2Xm5QJL8sl80QKuAnGvwAsMn+H3IFA6WCrQh1CY7m1A=="
  "resolved" "https://registry.npmjs.org/@types/node/-/node-16.11.56.tgz"
  "version" "16.11.56"
